
Microsoft Visual Studio Solution File, Format Version 12.00
# Visual Studio Version 17
VisualStudioVersion = 17.0.31903.59
MinimumVisualStudioVersion = 10.0.40219.1
Project("{2150E333-8FDC-42A3-9474-1A3956D46DE8}") = "src", "src", "{951A853B-2ADA-45C9-BD05-D75C0F7A718E}"
EndProject
Project("{FAE04EC0-301F-11D3-BF4B-00C04F79EFBC}") = "Kandooj.Core", "src\core\Kandooj.Core.csproj", "{FF41FDC6-AF80-411F-B9CD-52B32291B0BA}"
EndProject
Global
	GlobalSection(SolutionConfigurationPlatforms) = preSolution
		Debug|Any CPU = Debug|Any CPU
		Release|Any CPU = Release|Any CPU
	EndGlobalSection
	GlobalSection(SolutionProperties) = preSolution
		HideSolutionNode = FALSE
	EndGlobalSection
	GlobalSection(ProjectConfigurationPlatforms) = postSolution
		{FF41FDC6-AF80-411F-B9CD-52B32291B0BA}.Debug|Any CPU.ActiveCfg = Debug|Any CPU
		{FF41FDC6-AF80-411F-B9CD-52B32291B0BA}.Debug|Any CPU.Build.0 = Debug|Any CPU
		{FF41FDC6-AF80-411F-B9CD-52B32291B0BA}.Release|Any CPU.ActiveCfg = Release|Any CPU
		{FF41FDC6-AF80-411F-B9CD-52B32291B0BA}.Release|Any CPU.Build.0 = Release|Any CPU
	EndGlobalSection
	GlobalSection(NestedProjects) = preSolution
		{FF41FDC6-AF80-411F-B9CD-52B32291B0BA} = {951A853B-2ADA-45C9-BD05-D75C0F7A718E}
	EndGlobalSection
EndGlobal
